// !$*UTF8*$!
{
	archiveVersion = 1;
	classes = {
	};
	objectVersion = 46;
	objects = {

/* Begin PBXBuildFile section */
		D05FB57A1C9919AB00E803D4 /* AppDelegate.swift in Sources */ = {isa = PBXBuildFile; fileRef = D05FB5791C9919AB00E803D4 /* AppDelegate.swift */; };
		D05FB57C1C9919AB00E803D4 /* ViewController.swift in Sources */ = {isa = PBXBuildFile; fileRef = D05FB57B1C9919AB00E803D4 /* ViewController.swift */; };
		D05FB57F1C9919AB00E803D4 /* Main.storyboard in Resources */ = {isa = PBXBuildFile; fileRef = D05FB57D1C9919AB00E803D4 /* Main.storyboard */; };
		D05FB5811C9919AB00E803D4 /* Assets.xcassets in Resources */ = {isa = PBXBuildFile; fileRef = D05FB5801C9919AB00E803D4 /* Assets.xcassets */; };
		D05FB5841C9919AB00E803D4 /* LaunchScreen.storyboard in Resources */ = {isa = PBXBuildFile; fileRef = D05FB5821C9919AB00E803D4 /* LaunchScreen.storyboard */; };
/* End PBXBuildFile section */

/* Begin PBXFileReference section */
		D05FB5761C9919AB00E803D4 /* MyDatePicker.app */ = {isa = PBXFileReference; explicitFileType = wrapper.application; includeInIndex = 0; path = MyDatePicker.app; sourceTree = BUILT_PRODUCTS_DIR; };
		D05FB5791C9919AB00E803D4 /* AppDelegate.swift */ = {isa = PBXFileReference; lastKnownFileType = sourcecode.swift; path = AppDelegate.swift; sourceTree = "<group>"; };
		D05FB57B1C9919AB00E803D4 /* ViewController.swift */ = {isa = PBXFileReference; lastKnownFileType = sourcecode.swift; path = ViewController.swift; sourceTree = "<group>"; };
		D05FB57E1C9919AB00E803D4 /* Base */ = {isa = PBXFileReference; lastKnownFileType = file.storyboard; name = Base; path = Base.lproj/Main.storyboard; sourceTree = "<group>"; };
		D05FB5801C9919AB00E803D4 /* Assets.xcassets */ = {isa = PBXFileReference; lastKnownFileType = folder.assetcatalog; path = Assets.xcassets; sourceTree = "<group>"; };
		D05FB5831C9919AB00E803D4 /* Base */ = {isa = PBXFileReference; lastKnownFileType = file.storyboard; name = Base; path = Base.lproj/LaunchScreen.storyboard; sourceTree = "<group>"; };
		D05FB5851C9919AB00E803D4 /* Info.plist */ = {isa = PBXFileReference; lastKnownFileType = text.plist.xml; path = Info.plist; sourceTree = "<group>"; };
/* End PBXFileReference section */

/* Begin PBXFrameworksBuildPhase section */
		D05FB5731C9919AB00E803D4 /* Frameworks */ = {
			isa = PBXFrameworksBuildPhase;
			buildActionMask = 2147483647;
			files = (
			);
			runOnlyForDeploymentPostprocessing = 0;
		};
/* End PBXFrameworksBuildPhase section */

/* Begin PBXGroup section */
		D05FB56D1C9919AB00E803D4 = {
			isa = PBXGroup;
			children = (
				D05FB5781C9919AB00E803D4 /* MyDatePicker */,
				D05FB5771C9919AB00E803D4 /* Products */,
			);
			sourceTree = "<group>";
		};
		D05FB5771C9919AB00E803D4 /* Products */ = {
			isa = PBXGroup;
			children = (
				D05FB5761C9919AB00E803D4 /* MyDatePicker.app */,
			);
			name = Products;
			sourceTree = "<group>";
		};
		D05FB5781C9919AB00E803D4 /* MyDatePicker */ = {
			isa = PBXGroup;
			children = (
				D05FB5791C9919AB00E803D4 /* AppDelegate.swift */,
				D05FB57B1C9919AB00E803D4 /* ViewController.swift */,
				D05FB57D1C9919AB00E803D4 /* Main.storyboard */,
				D05FB5801C9919AB00E803D4 /* Assets.xcassets */,
				D05FB5821C9919AB00E803D4 /* LaunchScreen.storyboard */,
				D05FB5851C9919AB00E803D4 /* Info.plist */,
			);
			path = MyDatePicker;
			sourceTree = "<group>";
		};
/* End PBXGroup section */

/* Begin PBXNativeTarget section */
		D05FB5751C9919AB00E803D4 /* MyDatePicker */ = {
			isa = PBXNativeTarget;
			buildConfigurationList = D05FB5881C9919AB00E803D4 /* Build configuration list for PBXNativeTarget "MyDatePicker" */;
			buildPhases = (
				D05FB5721C9919AB00E803D4 /* Sources */,
				D05FB5731C9919AB00E803D4 /* Frameworks */,
				D05FB5741C9919AB00E803D4 /* Resources */,
			);
			buildRules = (
			);
			dependencies = (
			);
			name = MyDatePicker;
			productName = MyDatePicker;
			productReference = D05FB5761C9919AB00E803D4 /* MyDatePicker.app */;
			productType = "com.apple.product-type.application";
		};
/* End PBXNativeTarget section */

/* Begin PBXProject section */
		D05FB56E1C9919AB00E803D4 /* Project object */ = {
			isa = PBXProject;
			attributes = {
				LastSwiftUpdateCheck = 0720;
				LastUpgradeCheck = 0720;
				ORGANIZATIONNAME = "Petra Christian University";
				TargetAttributes = {
					D05FB5751C9919AB00E803D4 = {
						CreatedOnToolsVersion = 7.2.1;
					};
				};
			};
			buildConfigurationList = D05FB5711C9919AB00E803D4 /* Build configuration list for PBXProject "MyDatePicker" */;
			compatibilityVersion = "Xcode 3.2";
			developmentRegion = English;
			hasScannedForEncodings = 0;
			knownRegions = (
				en,
				Base,
			);
			mainGroup = D05FB56D1C9919AB00E803D4;
			productRefGroup = D05FB5771C9919AB00E803D4 /* Products */;
			projectDirPath = "";
			projectRoot = "";
			targets = (
				D05FB5751C9919AB00E803D4 /* MyDatePicker */,
			);
		};
/* End PBXProject section */

/* Begin PBXResourcesBuildPhase section */
		D05FB5741C9919AB00E803D4 /* Resources */ = {
			isa = PBXResourcesBuildPhase;
			buildActionMask = 2147483647;
			files = (
				D05FB5841C9919AB00E803D4 /* LaunchScreen.storyboard in Resources */,
				D05FB5811C9919AB00E803D4 /* Assets.xcassets in Resources */,
				D05FB57F1C9919AB00E803D4 /* Main.storyboard in Resources */,
			);
			runOnlyForDeploymentPostprocessing = 0;
		};
/* End PBXResourcesBuildPhase section */

/* Begin PBXSourcesBuildPhase section */
		D05FB5721C9919AB00E803D4 /* Sources */ = {
			isa = PBXSourcesBuildPhase;
			buildActionMask = 2147483647;
			files = (
				D05FB57C1C9919AB00E803D4 /* ViewController.swift in Sources */,
				D05FB57A1C9919AB00E803D4 /* AppDelegate.swift in Sources */,
			);
			runOnlyForDeploymentPostprocessing = 0;
		};
/* End PBXSourcesBuildPhase section */

/* Begin PBXVariantGroup section */
		D05FB57D1C9919AB00E803D4 /* Main.storyboard */ = {
			isa = PBXVariantGroup;
			children = (
				D05FB57E1C9919AB00E803D4 /* Base */,
			);
			name = Main.storyboard;
			sourceTree = "<group>";
		};
		D05FB5821C9919AB00E803D4 /* LaunchScreen.storyboard */ = {
			isa = PBXVariantGroup;
			children = (
				D05FB5831C9919AB00E803D4 /* Base */,
			);
			name = LaunchScreen.storyboard;
			sourceTree = "<group>";
		};
/* End PBXVariantGroup section */

/* Begin XCBuildConfiguration section */
		D05FB5861C9919AB00E803D4 /* Debug */ = {
			isa = XCBuildConfiguration;
			buildSettings = {
				ALWAYS_SEARCH_USER_PATHS = NO;
				CLANG_CXX_LANGUAGE_STANDARD = "gnu++0x";
				CLANG_CXX_LIBRARY = "libc++";
				CLANG_ENABLE_MODULES = YES;
				CLANG_ENABLE_OBJC_ARC = YES;
				CLANG_WARN_BOOL_CONVERSION = YES;
				CLANG_WARN_CONSTANT_CONVERSION = YES;
				CLANG_WARN_DIRECT_OBJC_ISA_USAGE = YES_ERROR;
				CLANG_WARN_EMPTY_BODY = YES;
				CLANG_WARN_ENUM_CONVERSION = YES;
				CLANG_WARN_INT_CONVERSION = YES;
				CLANG_WARN_OBJC_ROOT_CLASS = YES_ERROR;
				CLANG_WARN_UNREACHABLE_CODE = YES;
				CLANG_WARN__DUPLICATE_METHOD_MATCH = YES;
				"CODE_SIGN_IDENTITY[sdk=iphoneos*]" = "iPhone Developer";
				COPY_PHASE_STRIP = NO;
				DEBUG_INFORMATION_FORMAT = dwarf;
				ENABLE_STRICT_OBJC_MSGSEND = YES;
				ENABLE_TESTABILITY = YES;
				GCC_C_LANGUAGE_STANDARD = gnu99;
				GCC_DYNAMIC_NO_PIC = NO;
				GCC_NO_COMMON_BLOCKS = YES;
				GCC_OPTIMIZATION_LEVEL = 0;
				GCC_PREPROCESSOR_DEFINITIONS = (
					"DEBUG=1",
					"$(inherited)",
				);
				GCC_WARN_64_TO_32_BIT_CONVERSION = YES;
				GCC_WARN_ABOUT_RETURN_TYPE = YES_ERROR;
				GCC_WARN_UNDECLARED_SELECTOR = YES;
				GCC_WARN_UNINITIALIZED_AUTOS = YES_AGGRESSIVE;
				GCC_WARN_UNUSED_FUNCTION = YES;
				GCC_WARN_UNUSED_VARIABLE = YES;
				IPHONEOS_DEPLOYMENT_TARGET = 9.2;
				MTL_ENABLE_DEBUG_INFO = YES;
				ONLY_ACTIVE_ARCH = YES;
				SDKROOT = iphoneos;
				SWIFT_OPTIMIZATION_LEVEL = "-Onone";
				TARGETED_DEVICE_FAMILY = "1,2";
			};
			name = Debug;
		};
		D05FB5871C9919AB00E803D4 /* Release */ = {
			isa = XCBuildConfiguration;
			buildSettings = {
				ALWAYS_SEARCH_USER_PATHS = NO;
				CLANG_CXX_LANGUAGE_STANDARD = "gnu++0x";
				CLANG_CXX_LIBRARY = "libc++";
				CLANG_ENABLE_MODULES = YES;
				CLANG_ENABLE_OBJC_ARC = YES;
				CLANG_WARN_BOOL_CONVERSION = YES;
				CLANG_WARN_CONSTANT_CONVERSION = YES;
				CLANG_WARN_DIRECT_OBJC_ISA_USAGE = YES_ERROR;
				CLANG_WARN_EMPTY_BODY = YES;
				CLANG_WARN_ENUM_CONVERSION = YES;
				CLANG_WARN_INT_CONVERSION = YES;
				CLANG_WARN_OBJC_ROOT_CLASS = YES_ERROR;
				CLANG_WARN_UNREACHABLE_CODE = YES;
				CLANG_WARN__DUPLICATE_METHOD_MATCH = YES;
				"CODE_SIGN_IDENTITY[sdk=iphoneos*]" = "iPhone Developer";
				COPY_PHASE_STRIP = NO;
				DEBUG_INFORMATION_FORMAT = "dwarf-with-dsym";
				ENABLE_NS_ASSERTIONS = NO;
				ENABLE_STRICT_OBJC_MSGSEND = YES;
				GCC_C_LANGUAGE_STANDARD = gnu99;
				GCC_NO_COMMON_BLOCKS = YES;
				GCC_WARN_64_TO_32_BIT_CONVERSION = YES;
				GCC_WARN_ABOUT_RETURN_TYPE = YES_ERROR;
				GCC_WARN_UNDECLARED_SELECTOR = YES;
				GCC_WARN_UNINITIALIZED_AUTOS = YES_AGGRESSIVE;
				GCC_WARN_UNUSED_FUNCTION = YES;
				GCC_WARN_UNUSED_VARIABLE = YES;
				IPHONEOS_DEPLOYMENT_TARGET = 9.2;
				MTL_ENABLE_DEBUG_INFO = NO;
				SDKROOT = iphoneos;
				TARGETED_DEVICE_FAMILY = "1,2";
				VALIDATE_PRODUCT = YES;
			};
			name = Release;
		};
		D05FB5891C9919AB00E803D4 /* Debug */ = {
			isa = XCBuildConfiguration;
			buildSettings = {
				ASSETCATALOG_COMPILER_APPICON_NAME = AppIcon;
				INFOPLIST_FILE = MyDatePicker/Info.plist;
				LD_RUNPATH_SEARCH_PATHS = "$(inherited) @executable_path/Frameworks";
				PRODUCT_BUNDLE_IDENTIFIER = id.ac.petra.MyDatePicker;
				PRODUCT_NAME = "$(TARGET_NAME)";
			};
			name = Debug;
		};
		D05FB58A1C9919AB00E803D4 /* Release */ = {
			isa = XCBuildConfiguration;
			buildSettings = {
				ASSETCATALOG_COMPILER_APPICON_NAME = AppIcon;
				INFOPLIST_FILE = MyDatePicker/Info.plist;
				LD_RUNPATH_SEARCH_PATHS = "$(inherited) @executable_path/Frameworks";
				PRODUCT_BUNDLE_IDENTIFIER = id.ac.petra.MyDatePicker;
				PRODUCT_NAME = "$(TARGET_NAME)";
			};
			name = Release;
		};
/* End XCBuildConfiguration section */

/* Begin XCConfigurationList section */
		D05FB5711C9919AB00E803D4 /* Build configuration list for PBXProject "MyDatePicker" */ = {
			isa = XCConfigurationList;
			buildConfigurations = (
				D05FB5861C9919AB00E803D4 /* Debug */,
				D05FB5871C9919AB00E803D4 /* Release */,
			);
			defaultConfigurationIsVisible = 0;
			defaultConfigurationName = Release;
		};
		D05FB5881C9919AB00E803D4 /* Build configuration list for PBXNativeTarget "MyDatePicker" */ = {
			isa = XCConfigurationList;
			buildConfigurations = (
				D05FB5891C9919AB00E803D4 /* Debug */,
				D05FB58A1C9919AB00E803D4 /* Release */,
			);
			defaultConfigurationIsVisible = 0;
		};
/* End XCConfigurationList section */
	};
	rootObject = D05FB56E1C9919AB00E803D4 /* Project object */;
}
