// !$*UTF8*$!
{
	archiveVersion = 1;
	classes = {
	};
	objectVersion = 46;
	objects = {

/* Begin PBXBuildFile section */
		D0FF01101BBD4608003FB2D3 /* AppDelegate.swift in Sources */ = {isa = PBXBuildFile; fileRef = D0FF010F1BBD4608003FB2D3 /* AppDelegate.swift */; };
		D0FF01121BBD4608003FB2D3 /* ViewController.swift in Sources */ = {isa = PBXBuildFile; fileRef = D0FF01111BBD4608003FB2D3 /* ViewController.swift */; };
		D0FF01151BBD4608003FB2D3 /* Main.storyboard in Resources */ = {isa = PBXBuildFile; fileRef = D0FF01131BBD4608003FB2D3 /* Main.storyboard */; };
		D0FF01171BBD4608003FB2D3 /* Assets.xcassets in Resources */ = {isa = PBXBuildFile; fileRef = D0FF01161BBD4608003FB2D3 /* Assets.xcassets */; };
		D0FF011A1BBD4608003FB2D3 /* LaunchScreen.storyboard in Resources */ = {isa = PBXBuildFile; fileRef = D0FF01181BBD4608003FB2D3 /* LaunchScreen.storyboard */; };
		D0FF01221BBD4D30003FB2D3 /* TableViewController.swift in Sources */ = {isa = PBXBuildFile; fileRef = D0FF01211BBD4D30003FB2D3 /* TableViewController.swift */; settings = {ASSET_TAGS = (); }; };
		D0FF01261BBD4FC4003FB2D3 /* TableViewCell.swift in Sources */ = {isa = PBXBuildFile; fileRef = D0FF01251BBD4FC4003FB2D3 /* TableViewCell.swift */; settings = {ASSET_TAGS = (); }; };
/* End PBXBuildFile section */

/* Begin PBXFileReference section */
		D0FF010C1BBD4608003FB2D3 /* PetraDirectory.app */ = {isa = PBXFileReference; explicitFileType = wrapper.application; includeInIndex = 0; path = PetraDirectory.app; sourceTree = BUILT_PRODUCTS_DIR; };
		D0FF010F1BBD4608003FB2D3 /* AppDelegate.swift */ = {isa = PBXFileReference; lastKnownFileType = sourcecode.swift; path = AppDelegate.swift; sourceTree = "<group>"; };
		D0FF01111BBD4608003FB2D3 /* ViewController.swift */ = {isa = PBXFileReference; lastKnownFileType = sourcecode.swift; path = ViewController.swift; sourceTree = "<group>"; };
		D0FF01141BBD4608003FB2D3 /* Base */ = {isa = PBXFileReference; lastKnownFileType = file.storyboard; name = Base; path = Base.lproj/Main.storyboard; sourceTree = "<group>"; };
		D0FF01161BBD4608003FB2D3 /* Assets.xcassets */ = {isa = PBXFileReference; lastKnownFileType = folder.assetcatalog; path = Assets.xcassets; sourceTree = "<group>"; };
		D0FF01191BBD4608003FB2D3 /* Base */ = {isa = PBXFileReference; lastKnownFileType = file.storyboard; name = Base; path = Base.lproj/LaunchScreen.storyboard; sourceTree = "<group>"; };
		D0FF011B1BBD4608003FB2D3 /* Info.plist */ = {isa = PBXFileReference; lastKnownFileType = text.plist.xml; path = Info.plist; sourceTree = "<group>"; };
		D0FF01211BBD4D30003FB2D3 /* TableViewController.swift */ = {isa = PBXFileReference; fileEncoding = 4; lastKnownFileType = sourcecode.swift; path = TableViewController.swift; sourceTree = "<group>"; };
		D0FF01251BBD4FC4003FB2D3 /* TableViewCell.swift */ = {isa = PBXFileReference; fileEncoding = 4; lastKnownFileType = sourcecode.swift; name = TableViewCell.swift; path = ../TableViewCell.swift; sourceTree = "<group>"; };
/* End PBXFileReference section */

/* Begin PBXFrameworksBuildPhase section */
		D0FF01091BBD4608003FB2D3 /* Frameworks */ = {
			isa = PBXFrameworksBuildPhase;
			buildActionMask = 2147483647;
			files = (
			);
			runOnlyForDeploymentPostprocessing = 0;
		};
/* End PBXFrameworksBuildPhase section */

/* Begin PBXGroup section */
		D0FF01031BBD4608003FB2D3 = {
			isa = PBXGroup;
			children = (
				D0FF010E1BBD4608003FB2D3 /* PetraDirectory */,
				D0FF010D1BBD4608003FB2D3 /* Products */,
			);
			sourceTree = "<group>";
		};
		D0FF010D1BBD4608003FB2D3 /* Products */ = {
			isa = PBXGroup;
			children = (
				D0FF010C1BBD4608003FB2D3 /* PetraDirectory.app */,
			);
			name = Products;
			sourceTree = "<group>";
		};
		D0FF010E1BBD4608003FB2D3 /* PetraDirectory */ = {
			isa = PBXGroup;
			children = (
				D0FF01251BBD4FC4003FB2D3 /* TableViewCell.swift */,
				D0FF010F1BBD4608003FB2D3 /* AppDelegate.swift */,
				D0FF01111BBD4608003FB2D3 /* ViewController.swift */,
				D0FF01131BBD4608003FB2D3 /* Main.storyboard */,
				D0FF01211BBD4D30003FB2D3 /* TableViewController.swift */,
				D0FF01161BBD4608003FB2D3 /* Assets.xcassets */,
				D0FF01181BBD4608003FB2D3 /* LaunchScreen.storyboard */,
				D0FF011B1BBD4608003FB2D3 /* Info.plist */,
			);
			path = PetraDirectory;
			sourceTree = "<group>";
		};
/* End PBXGroup section */

/* Begin PBXNativeTarget section */
		D0FF010B1BBD4608003FB2D3 /* PetraDirectory */ = {
			isa = PBXNativeTarget;
			buildConfigurationList = D0FF011E1BBD4608003FB2D3 /* Build configuration list for PBXNativeTarget "PetraDirectory" */;
			buildPhases = (
				D0FF01081BBD4608003FB2D3 /* Sources */,
				D0FF01091BBD4608003FB2D3 /* Frameworks */,
				D0FF010A1BBD4608003FB2D3 /* Resources */,
			);
			buildRules = (
			);
			dependencies = (
			);
			name = PetraDirectory;
			productName = PetraDirectory;
			productReference = D0FF010C1BBD4608003FB2D3 /* PetraDirectory.app */;
			productType = "com.apple.product-type.application";
		};
/* End PBXNativeTarget section */

/* Begin PBXProject section */
		D0FF01041BBD4608003FB2D3 /* Project object */ = {
			isa = PBXProject;
			attributes = {
				LastUpgradeCheck = 0700;
				ORGANIZATIONNAME = "Petra Christian University";
				TargetAttributes = {
					D0FF010B1BBD4608003FB2D3 = {
						CreatedOnToolsVersion = 7.0.1;
					};
				};
			};
			buildConfigurationList = D0FF01071BBD4608003FB2D3 /* Build configuration list for PBXProject "PetraDirectory" */;
			compatibilityVersion = "Xcode 3.2";
			developmentRegion = English;
			hasScannedForEncodings = 0;
			knownRegions = (
				en,
				Base,
			);
			mainGroup = D0FF01031BBD4608003FB2D3;
			productRefGroup = D0FF010D1BBD4608003FB2D3 /* Products */;
			projectDirPath = "";
			projectRoot = "";
			targets = (
				D0FF010B1BBD4608003FB2D3 /* PetraDirectory */,
			);
		};
/* End PBXProject section */

/* Begin PBXResourcesBuildPhase section */
		D0FF010A1BBD4608003FB2D3 /* Resources */ = {
			isa = PBXResourcesBuildPhase;
			buildActionMask = 2147483647;
			files = (
				D0FF011A1BBD4608003FB2D3 /* LaunchScreen.storyboard in Resources */,
				D0FF01171BBD4608003FB2D3 /* Assets.xcassets in Resources */,
				D0FF01151BBD4608003FB2D3 /* Main.storyboard in Resources */,
			);
			runOnlyForDeploymentPostprocessing = 0;
		};
/* End PBXResourcesBuildPhase section */

/* Begin PBXSourcesBuildPhase section */
		D0FF01081BBD4608003FB2D3 /* Sources */ = {
			isa = PBXSourcesBuildPhase;
			buildActionMask = 2147483647;
			files = (
				D0FF01121BBD4608003FB2D3 /* ViewController.swift in Sources */,
				D0FF01261BBD4FC4003FB2D3 /* TableViewCell.swift in Sources */,
				D0FF01221BBD4D30003FB2D3 /* TableViewController.swift in Sources */,
				D0FF01101BBD4608003FB2D3 /* AppDelegate.swift in Sources */,
			);
			runOnlyForDeploymentPostprocessing = 0;
		};
/* End PBXSourcesBuildPhase section */

/* Begin PBXVariantGroup section */
		D0FF01131BBD4608003FB2D3 /* Main.storyboard */ = {
			isa = PBXVariantGroup;
			children = (
				D0FF01141BBD4608003FB2D3 /* Base */,
			);
			name = Main.storyboard;
			sourceTree = "<group>";
		};
		D0FF01181BBD4608003FB2D3 /* LaunchScreen.storyboard */ = {
			isa = PBXVariantGroup;
			children = (
				D0FF01191BBD4608003FB2D3 /* Base */,
			);
			name = LaunchScreen.storyboard;
			sourceTree = "<group>";
		};
/* End PBXVariantGroup section */

/* Begin XCBuildConfiguration section */
		D0FF011C1BBD4608003FB2D3 /* Debug */ = {
			isa = XCBuildConfiguration;
			buildSettings = {
				ALWAYS_SEARCH_USER_PATHS = NO;
				CLANG_CXX_LANGUAGE_STANDARD = "gnu++0x";
				CLANG_CXX_LIBRARY = "libc++";
				CLANG_ENABLE_MODULES = YES;
				CLANG_ENABLE_OBJC_ARC = YES;
				CLANG_WARN_BOOL_CONVERSION = YES;
				CLANG_WARN_CONSTANT_CONVERSION = YES;
				CLANG_WARN_DIRECT_OBJC_ISA_USAGE = YES_ERROR;
				CLANG_WARN_EMPTY_BODY = YES;
				CLANG_WARN_ENUM_CONVERSION = YES;
				CLANG_WARN_INT_CONVERSION = YES;
				CLANG_WARN_OBJC_ROOT_CLASS = YES_ERROR;
				CLANG_WARN_UNREACHABLE_CODE = YES;
				CLANG_WARN__DUPLICATE_METHOD_MATCH = YES;
				"CODE_SIGN_IDENTITY[sdk=iphoneos*]" = "iPhone Developer";
				COPY_PHASE_STRIP = NO;
				DEBUG_INFORMATION_FORMAT = dwarf;
				ENABLE_STRICT_OBJC_MSGSEND = YES;
				ENABLE_TESTABILITY = YES;
				GCC_C_LANGUAGE_STANDARD = gnu99;
				GCC_DYNAMIC_NO_PIC = NO;
				GCC_NO_COMMON_BLOCKS = YES;
				GCC_OPTIMIZATION_LEVEL = 0;
				GCC_PREPROCESSOR_DEFINITIONS = (
					"DEBUG=1",
					"$(inherited)",
				);
				GCC_WARN_64_TO_32_BIT_CONVERSION = YES;
				GCC_WARN_ABOUT_RETURN_TYPE = YES_ERROR;
				GCC_WARN_UNDECLARED_SELECTOR = YES;
				GCC_WARN_UNINITIALIZED_AUTOS = YES_AGGRESSIVE;
				GCC_WARN_UNUSED_FUNCTION = YES;
				GCC_WARN_UNUSED_VARIABLE = YES;
				IPHONEOS_DEPLOYMENT_TARGET = 9.0;
				MTL_ENABLE_DEBUG_INFO = YES;
				ONLY_ACTIVE_ARCH = YES;
				SDKROOT = iphoneos;
				SWIFT_OPTIMIZATION_LEVEL = "-Onone";
				TARGETED_DEVICE_FAMILY = "1,2";
			};
			name = Debug;
		};
		D0FF011D1BBD4608003FB2D3 /* Release */ = {
			isa = XCBuildConfiguration;
			buildSettings = {
				ALWAYS_SEARCH_USER_PATHS = NO;
				CLANG_CXX_LANGUAGE_STANDARD = "gnu++0x";
				CLANG_CXX_LIBRARY = "libc++";
				CLANG_ENABLE_MODULES = YES;
				CLANG_ENABLE_OBJC_ARC = YES;
				CLANG_WARN_BOOL_CONVERSION = YES;
				CLANG_WARN_CONSTANT_CONVERSION = YES;
				CLANG_WARN_DIRECT_OBJC_ISA_USAGE = YES_ERROR;
				CLANG_WARN_EMPTY_BODY = YES;
				CLANG_WARN_ENUM_CONVERSION = YES;
				CLANG_WARN_INT_CONVERSION = YES;
				CLANG_WARN_OBJC_ROOT_CLASS = YES_ERROR;
				CLANG_WARN_UNREACHABLE_CODE = YES;
				CLANG_WARN__DUPLICATE_METHOD_MATCH = YES;
				"CODE_SIGN_IDENTITY[sdk=iphoneos*]" = "iPhone Developer";
				COPY_PHASE_STRIP = NO;
				DEBUG_INFORMATION_FORMAT = "dwarf-with-dsym";
				ENABLE_NS_ASSERTIONS = NO;
				ENABLE_STRICT_OBJC_MSGSEND = YES;
				GCC_C_LANGUAGE_STANDARD = gnu99;
				GCC_NO_COMMON_BLOCKS = YES;
				GCC_WARN_64_TO_32_BIT_CONVERSION = YES;
				GCC_WARN_ABOUT_RETURN_TYPE = YES_ERROR;
				GCC_WARN_UNDECLARED_SELECTOR = YES;
				GCC_WARN_UNINITIALIZED_AUTOS = YES_AGGRESSIVE;
				GCC_WARN_UNUSED_FUNCTION = YES;
				GCC_WARN_UNUSED_VARIABLE = YES;
				IPHONEOS_DEPLOYMENT_TARGET = 9.0;
				MTL_ENABLE_DEBUG_INFO = NO;
				SDKROOT = iphoneos;
				TARGETED_DEVICE_FAMILY = "1,2";
				VALIDATE_PRODUCT = YES;
			};
			name = Release;
		};
		D0FF011F1BBD4608003FB2D3 /* Debug */ = {
			isa = XCBuildConfiguration;
			buildSettings = {
				ASSETCATALOG_COMPILER_APPICON_NAME = AppIcon;
				INFOPLIST_FILE = PetraDirectory/Info.plist;
				LD_RUNPATH_SEARCH_PATHS = "$(inherited) @executable_path/Frameworks";
				PRODUCT_BUNDLE_IDENTIFIER = id.ac.petra.PetraDirectory;
				PRODUCT_NAME = "$(TARGET_NAME)";
			};
			name = Debug;
		};
		D0FF01201BBD4608003FB2D3 /* Release */ = {
			isa = XCBuildConfiguration;
			buildSettings = {
				ASSETCATALOG_COMPILER_APPICON_NAME = AppIcon;
				INFOPLIST_FILE = PetraDirectory/Info.plist;
				LD_RUNPATH_SEARCH_PATHS = "$(inherited) @executable_path/Frameworks";
				PRODUCT_BUNDLE_IDENTIFIER = id.ac.petra.PetraDirectory;
				PRODUCT_NAME = "$(TARGET_NAME)";
			};
			name = Release;
		};
/* End XCBuildConfiguration section */

/* Begin XCConfigurationList section */
		D0FF01071BBD4608003FB2D3 /* Build configuration list for PBXProject "PetraDirectory" */ = {
			isa = XCConfigurationList;
			buildConfigurations = (
				D0FF011C1BBD4608003FB2D3 /* Debug */,
				D0FF011D1BBD4608003FB2D3 /* Release */,
			);
			defaultConfigurationIsVisible = 0;
			defaultConfigurationName = Release;
		};
		D0FF011E1BBD4608003FB2D3 /* Build configuration list for PBXNativeTarget "PetraDirectory" */ = {
			isa = XCConfigurationList;
			buildConfigurations = (
				D0FF011F1BBD4608003FB2D3 /* Debug */,
				D0FF01201BBD4608003FB2D3 /* Release */,
			);
			defaultConfigurationIsVisible = 0;
			defaultConfigurationName = Release;
		};
/* End XCConfigurationList section */
	};
	rootObject = D0FF01041BBD4608003FB2D3 /* Project object */;
}
