// !$*UTF8*$!
{
	archiveVersion = 1;
	classes = {
	};
	objectVersion = 46;
	objects = {

/* Begin PBXBuildFile section */
		D00BE0931CA3C767008DDBC6 /* MyModel.swift in Sources */ = {isa = PBXBuildFile; fileRef = D00BE0921CA3C767008DDBC6 /* MyModel.swift */; };
		D0F142741CA3B6170027B6CD /* AppDelegate.swift in Sources */ = {isa = PBXBuildFile; fileRef = D0F142731CA3B6170027B6CD /* AppDelegate.swift */; };
		D0F142791CA3B6170027B6CD /* Main.storyboard in Resources */ = {isa = PBXBuildFile; fileRef = D0F142771CA3B6170027B6CD /* Main.storyboard */; };
		D0F1427B1CA3B6170027B6CD /* Assets.xcassets in Resources */ = {isa = PBXBuildFile; fileRef = D0F1427A1CA3B6170027B6CD /* Assets.xcassets */; };
		D0F1427E1CA3B6170027B6CD /* LaunchScreen.storyboard in Resources */ = {isa = PBXBuildFile; fileRef = D0F1427C1CA3B6170027B6CD /* LaunchScreen.storyboard */; };
		D0F142861CA3B6760027B6CD /* TableViewController.swift in Sources */ = {isa = PBXBuildFile; fileRef = D0F142851CA3B6760027B6CD /* TableViewController.swift */; };
/* End PBXBuildFile section */

/* Begin PBXFileReference section */
		D00BE0921CA3C767008DDBC6 /* MyModel.swift */ = {isa = PBXFileReference; fileEncoding = 4; lastKnownFileType = sourcecode.swift; path = MyModel.swift; sourceTree = "<group>"; };
		D0F142701CA3B6170027B6CD /* TableViewDua.app */ = {isa = PBXFileReference; explicitFileType = wrapper.application; includeInIndex = 0; path = TableViewDua.app; sourceTree = BUILT_PRODUCTS_DIR; };
		D0F142731CA3B6170027B6CD /* AppDelegate.swift */ = {isa = PBXFileReference; lastKnownFileType = sourcecode.swift; path = AppDelegate.swift; sourceTree = "<group>"; };
		D0F142781CA3B6170027B6CD /* Base */ = {isa = PBXFileReference; lastKnownFileType = file.storyboard; name = Base; path = Base.lproj/Main.storyboard; sourceTree = "<group>"; };
		D0F1427A1CA3B6170027B6CD /* Assets.xcassets */ = {isa = PBXFileReference; lastKnownFileType = folder.assetcatalog; path = Assets.xcassets; sourceTree = "<group>"; };
		D0F1427D1CA3B6170027B6CD /* Base */ = {isa = PBXFileReference; lastKnownFileType = file.storyboard; name = Base; path = Base.lproj/LaunchScreen.storyboard; sourceTree = "<group>"; };
		D0F1427F1CA3B6170027B6CD /* Info.plist */ = {isa = PBXFileReference; lastKnownFileType = text.plist.xml; path = Info.plist; sourceTree = "<group>"; };
		D0F142851CA3B6760027B6CD /* TableViewController.swift */ = {isa = PBXFileReference; fileEncoding = 4; lastKnownFileType = sourcecode.swift; name = TableViewController.swift; path = ../TableViewController.swift; sourceTree = "<group>"; };
/* End PBXFileReference section */

/* Begin PBXFrameworksBuildPhase section */
		D0F1426D1CA3B6170027B6CD /* Frameworks */ = {
			isa = PBXFrameworksBuildPhase;
			buildActionMask = 2147483647;
			files = (
			);
			runOnlyForDeploymentPostprocessing = 0;
		};
/* End PBXFrameworksBuildPhase section */

/* Begin PBXGroup section */
		D00BE0941CA3C8D1008DDBC6 /* Model */ = {
			isa = PBXGroup;
			children = (
				D00BE0921CA3C767008DDBC6 /* MyModel.swift */,
			);
			name = Model;
			sourceTree = "<group>";
		};
		D00BE0951CA3C8D8008DDBC6 /* View */ = {
			isa = PBXGroup;
			children = (
				D0F142771CA3B6170027B6CD /* Main.storyboard */,
			);
			name = View;
			sourceTree = "<group>";
		};
		D00BE0961CA3C8DF008DDBC6 /* Controller */ = {
			isa = PBXGroup;
			children = (
				D0F142851CA3B6760027B6CD /* TableViewController.swift */,
			);
			name = Controller;
			sourceTree = "<group>";
		};
		D0F142671CA3B6170027B6CD = {
			isa = PBXGroup;
			children = (
				D0F142721CA3B6170027B6CD /* TableViewDua */,
				D0F142711CA3B6170027B6CD /* Products */,
			);
			sourceTree = "<group>";
		};
		D0F142711CA3B6170027B6CD /* Products */ = {
			isa = PBXGroup;
			children = (
				D0F142701CA3B6170027B6CD /* TableViewDua.app */,
			);
			name = Products;
			sourceTree = "<group>";
		};
		D0F142721CA3B6170027B6CD /* TableViewDua */ = {
			isa = PBXGroup;
			children = (
				D00BE0961CA3C8DF008DDBC6 /* Controller */,
				D00BE0951CA3C8D8008DDBC6 /* View */,
				D00BE0941CA3C8D1008DDBC6 /* Model */,
				D0F142731CA3B6170027B6CD /* AppDelegate.swift */,
				D0F1427A1CA3B6170027B6CD /* Assets.xcassets */,
				D0F1427C1CA3B6170027B6CD /* LaunchScreen.storyboard */,
				D0F1427F1CA3B6170027B6CD /* Info.plist */,
			);
			path = TableViewDua;
			sourceTree = "<group>";
		};
/* End PBXGroup section */

/* Begin PBXNativeTarget section */
		D0F1426F1CA3B6170027B6CD /* TableViewDua */ = {
			isa = PBXNativeTarget;
			buildConfigurationList = D0F142821CA3B6170027B6CD /* Build configuration list for PBXNativeTarget "TableViewDua" */;
			buildPhases = (
				D0F1426C1CA3B6170027B6CD /* Sources */,
				D0F1426D1CA3B6170027B6CD /* Frameworks */,
				D0F1426E1CA3B6170027B6CD /* Resources */,
			);
			buildRules = (
			);
			dependencies = (
			);
			name = TableViewDua;
			productName = TableViewDua;
			productReference = D0F142701CA3B6170027B6CD /* TableViewDua.app */;
			productType = "com.apple.product-type.application";
		};
/* End PBXNativeTarget section */

/* Begin PBXProject section */
		D0F142681CA3B6170027B6CD /* Project object */ = {
			isa = PBXProject;
			attributes = {
				LastSwiftUpdateCheck = 0730;
				LastUpgradeCheck = 0730;
				ORGANIZATIONNAME = "Petra Christian University";
				TargetAttributes = {
					D0F1426F1CA3B6170027B6CD = {
						CreatedOnToolsVersion = 7.3;
					};
				};
			};
			buildConfigurationList = D0F1426B1CA3B6170027B6CD /* Build configuration list for PBXProject "TableViewDua" */;
			compatibilityVersion = "Xcode 3.2";
			developmentRegion = English;
			hasScannedForEncodings = 0;
			knownRegions = (
				en,
				Base,
			);
			mainGroup = D0F142671CA3B6170027B6CD;
			productRefGroup = D0F142711CA3B6170027B6CD /* Products */;
			projectDirPath = "";
			projectRoot = "";
			targets = (
				D0F1426F1CA3B6170027B6CD /* TableViewDua */,
			);
		};
/* End PBXProject section */

/* Begin PBXResourcesBuildPhase section */
		D0F1426E1CA3B6170027B6CD /* Resources */ = {
			isa = PBXResourcesBuildPhase;
			buildActionMask = 2147483647;
			files = (
				D0F1427E1CA3B6170027B6CD /* LaunchScreen.storyboard in Resources */,
				D0F1427B1CA3B6170027B6CD /* Assets.xcassets in Resources */,
				D0F142791CA3B6170027B6CD /* Main.storyboard in Resources */,
			);
			runOnlyForDeploymentPostprocessing = 0;
		};
/* End PBXResourcesBuildPhase section */

/* Begin PBXSourcesBuildPhase section */
		D0F1426C1CA3B6170027B6CD /* Sources */ = {
			isa = PBXSourcesBuildPhase;
			buildActionMask = 2147483647;
			files = (
				D0F142741CA3B6170027B6CD /* AppDelegate.swift in Sources */,
				D00BE0931CA3C767008DDBC6 /* MyModel.swift in Sources */,
				D0F142861CA3B6760027B6CD /* TableViewController.swift in Sources */,
			);
			runOnlyForDeploymentPostprocessing = 0;
		};
/* End PBXSourcesBuildPhase section */

/* Begin PBXVariantGroup section */
		D0F142771CA3B6170027B6CD /* Main.storyboard */ = {
			isa = PBXVariantGroup;
			children = (
				D0F142781CA3B6170027B6CD /* Base */,
			);
			name = Main.storyboard;
			sourceTree = "<group>";
		};
		D0F1427C1CA3B6170027B6CD /* LaunchScreen.storyboard */ = {
			isa = PBXVariantGroup;
			children = (
				D0F1427D1CA3B6170027B6CD /* Base */,
			);
			name = LaunchScreen.storyboard;
			sourceTree = "<group>";
		};
/* End PBXVariantGroup section */

/* Begin XCBuildConfiguration section */
		D0F142801CA3B6170027B6CD /* Debug */ = {
			isa = XCBuildConfiguration;
			buildSettings = {
				ALWAYS_SEARCH_USER_PATHS = NO;
				CLANG_ANALYZER_NONNULL = YES;
				CLANG_CXX_LANGUAGE_STANDARD = "gnu++0x";
				CLANG_CXX_LIBRARY = "libc++";
				CLANG_ENABLE_MODULES = YES;
				CLANG_ENABLE_OBJC_ARC = YES;
				CLANG_WARN_BOOL_CONVERSION = YES;
				CLANG_WARN_CONSTANT_CONVERSION = YES;
				CLANG_WARN_DIRECT_OBJC_ISA_USAGE = YES_ERROR;
				CLANG_WARN_EMPTY_BODY = YES;
				CLANG_WARN_ENUM_CONVERSION = YES;
				CLANG_WARN_INT_CONVERSION = YES;
				CLANG_WARN_OBJC_ROOT_CLASS = YES_ERROR;
				CLANG_WARN_UNREACHABLE_CODE = YES;
				CLANG_WARN__DUPLICATE_METHOD_MATCH = YES;
				"CODE_SIGN_IDENTITY[sdk=iphoneos*]" = "iPhone Developer";
				COPY_PHASE_STRIP = NO;
				DEBUG_INFORMATION_FORMAT = dwarf;
				ENABLE_STRICT_OBJC_MSGSEND = YES;
				ENABLE_TESTABILITY = YES;
				GCC_C_LANGUAGE_STANDARD = gnu99;
				GCC_DYNAMIC_NO_PIC = NO;
				GCC_NO_COMMON_BLOCKS = YES;
				GCC_OPTIMIZATION_LEVEL = 0;
				GCC_PREPROCESSOR_DEFINITIONS = (
					"DEBUG=1",
					"$(inherited)",
				);
				GCC_WARN_64_TO_32_BIT_CONVERSION = YES;
				GCC_WARN_ABOUT_RETURN_TYPE = YES_ERROR;
				GCC_WARN_UNDECLARED_SELECTOR = YES;
				GCC_WARN_UNINITIALIZED_AUTOS = YES_AGGRESSIVE;
				GCC_WARN_UNUSED_FUNCTION = YES;
				GCC_WARN_UNUSED_VARIABLE = YES;
				IPHONEOS_DEPLOYMENT_TARGET = 9.3;
				MTL_ENABLE_DEBUG_INFO = YES;
				ONLY_ACTIVE_ARCH = YES;
				SDKROOT = iphoneos;
				SWIFT_OPTIMIZATION_LEVEL = "-Onone";
			};
			name = Debug;
		};
		D0F142811CA3B6170027B6CD /* Release */ = {
			isa = XCBuildConfiguration;
			buildSettings = {
				ALWAYS_SEARCH_USER_PATHS = NO;
				CLANG_ANALYZER_NONNULL = YES;
				CLANG_CXX_LANGUAGE_STANDARD = "gnu++0x";
				CLANG_CXX_LIBRARY = "libc++";
				CLANG_ENABLE_MODULES = YES;
				CLANG_ENABLE_OBJC_ARC = YES;
				CLANG_WARN_BOOL_CONVERSION = YES;
				CLANG_WARN_CONSTANT_CONVERSION = YES;
				CLANG_WARN_DIRECT_OBJC_ISA_USAGE = YES_ERROR;
				CLANG_WARN_EMPTY_BODY = YES;
				CLANG_WARN_ENUM_CONVERSION = YES;
				CLANG_WARN_INT_CONVERSION = YES;
				CLANG_WARN_OBJC_ROOT_CLASS = YES_ERROR;
				CLANG_WARN_UNREACHABLE_CODE = YES;
				CLANG_WARN__DUPLICATE_METHOD_MATCH = YES;
				"CODE_SIGN_IDENTITY[sdk=iphoneos*]" = "iPhone Developer";
				COPY_PHASE_STRIP = NO;
				DEBUG_INFORMATION_FORMAT = "dwarf-with-dsym";
				ENABLE_NS_ASSERTIONS = NO;
				ENABLE_STRICT_OBJC_MSGSEND = YES;
				GCC_C_LANGUAGE_STANDARD = gnu99;
				GCC_NO_COMMON_BLOCKS = YES;
				GCC_WARN_64_TO_32_BIT_CONVERSION = YES;
				GCC_WARN_ABOUT_RETURN_TYPE = YES_ERROR;
				GCC_WARN_UNDECLARED_SELECTOR = YES;
				GCC_WARN_UNINITIALIZED_AUTOS = YES_AGGRESSIVE;
				GCC_WARN_UNUSED_FUNCTION = YES;
				GCC_WARN_UNUSED_VARIABLE = YES;
				IPHONEOS_DEPLOYMENT_TARGET = 9.3;
				MTL_ENABLE_DEBUG_INFO = NO;
				SDKROOT = iphoneos;
				VALIDATE_PRODUCT = YES;
			};
			name = Release;
		};
		D0F142831CA3B6170027B6CD /* Debug */ = {
			isa = XCBuildConfiguration;
			buildSettings = {
				ASSETCATALOG_COMPILER_APPICON_NAME = AppIcon;
				INFOPLIST_FILE = TableViewDua/Info.plist;
				LD_RUNPATH_SEARCH_PATHS = "$(inherited) @executable_path/Frameworks";
				PRODUCT_BUNDLE_IDENTIFIER = id.ac.petra.TableViewDua;
				PRODUCT_NAME = "$(TARGET_NAME)";
			};
			name = Debug;
		};
		D0F142841CA3B6170027B6CD /* Release */ = {
			isa = XCBuildConfiguration;
			buildSettings = {
				ASSETCATALOG_COMPILER_APPICON_NAME = AppIcon;
				INFOPLIST_FILE = TableViewDua/Info.plist;
				LD_RUNPATH_SEARCH_PATHS = "$(inherited) @executable_path/Frameworks";
				PRODUCT_BUNDLE_IDENTIFIER = id.ac.petra.TableViewDua;
				PRODUCT_NAME = "$(TARGET_NAME)";
			};
			name = Release;
		};
/* End XCBuildConfiguration section */

/* Begin XCConfigurationList section */
		D0F1426B1CA3B6170027B6CD /* Build configuration list for PBXProject "TableViewDua" */ = {
			isa = XCConfigurationList;
			buildConfigurations = (
				D0F142801CA3B6170027B6CD /* Debug */,
				D0F142811CA3B6170027B6CD /* Release */,
			);
			defaultConfigurationIsVisible = 0;
			defaultConfigurationName = Release;
		};
		D0F142821CA3B6170027B6CD /* Build configuration list for PBXNativeTarget "TableViewDua" */ = {
			isa = XCConfigurationList;
			buildConfigurations = (
				D0F142831CA3B6170027B6CD /* Debug */,
				D0F142841CA3B6170027B6CD /* Release */,
			);
			defaultConfigurationIsVisible = 0;
			defaultConfigurationName = Release;
		};
/* End XCConfigurationList section */
	};
	rootObject = D0F142681CA3B6170027B6CD /* Project object */;
}
