// !$*UTF8*$!
{
	archiveVersion = 1;
	classes = {
	};
	objectVersion = 46;
	objects = {

/* Begin PBXBuildFile section */
		D099BF981CA38A35005370EC /* AppDelegate.swift in Sources */ = {isa = PBXBuildFile; fileRef = D099BF971CA38A35005370EC /* AppDelegate.swift */; };
		D099BF9A1CA38A35005370EC /* ViewController.swift in Sources */ = {isa = PBXBuildFile; fileRef = D099BF991CA38A35005370EC /* ViewController.swift */; };
		D099BF9D1CA38A35005370EC /* Main.storyboard in Resources */ = {isa = PBXBuildFile; fileRef = D099BF9B1CA38A35005370EC /* Main.storyboard */; };
		D099BF9F1CA38A35005370EC /* Assets.xcassets in Resources */ = {isa = PBXBuildFile; fileRef = D099BF9E1CA38A35005370EC /* Assets.xcassets */; };
		D099BFA21CA38A35005370EC /* LaunchScreen.storyboard in Resources */ = {isa = PBXBuildFile; fileRef = D099BFA01CA38A35005370EC /* LaunchScreen.storyboard */; };
		D099BFAA1CA38B09005370EC /* TableViewController.swift in Sources */ = {isa = PBXBuildFile; fileRef = D099BFA91CA38B09005370EC /* TableViewController.swift */; };
/* End PBXBuildFile section */

/* Begin PBXFileReference section */
		D099BF941CA38A35005370EC /* MyTableView1.app */ = {isa = PBXFileReference; explicitFileType = wrapper.application; includeInIndex = 0; path = MyTableView1.app; sourceTree = BUILT_PRODUCTS_DIR; };
		D099BF971CA38A35005370EC /* AppDelegate.swift */ = {isa = PBXFileReference; lastKnownFileType = sourcecode.swift; path = AppDelegate.swift; sourceTree = "<group>"; };
		D099BF991CA38A35005370EC /* ViewController.swift */ = {isa = PBXFileReference; lastKnownFileType = sourcecode.swift; path = ViewController.swift; sourceTree = "<group>"; };
		D099BF9C1CA38A35005370EC /* Base */ = {isa = PBXFileReference; lastKnownFileType = file.storyboard; name = Base; path = Base.lproj/Main.storyboard; sourceTree = "<group>"; };
		D099BF9E1CA38A35005370EC /* Assets.xcassets */ = {isa = PBXFileReference; lastKnownFileType = folder.assetcatalog; path = Assets.xcassets; sourceTree = "<group>"; };
		D099BFA11CA38A35005370EC /* Base */ = {isa = PBXFileReference; lastKnownFileType = file.storyboard; name = Base; path = Base.lproj/LaunchScreen.storyboard; sourceTree = "<group>"; };
		D099BFA31CA38A35005370EC /* Info.plist */ = {isa = PBXFileReference; lastKnownFileType = text.plist.xml; path = Info.plist; sourceTree = "<group>"; };
		D099BFA91CA38B09005370EC /* TableViewController.swift */ = {isa = PBXFileReference; fileEncoding = 4; lastKnownFileType = sourcecode.swift; path = TableViewController.swift; sourceTree = "<group>"; };
/* End PBXFileReference section */

/* Begin PBXFrameworksBuildPhase section */
		D099BF911CA38A35005370EC /* Frameworks */ = {
			isa = PBXFrameworksBuildPhase;
			buildActionMask = 2147483647;
			files = (
			);
			runOnlyForDeploymentPostprocessing = 0;
		};
/* End PBXFrameworksBuildPhase section */

/* Begin PBXGroup section */
		D099BF8B1CA38A35005370EC = {
			isa = PBXGroup;
			children = (
				D099BF961CA38A35005370EC /* MyTableView1 */,
				D099BF951CA38A35005370EC /* Products */,
			);
			sourceTree = "<group>";
		};
		D099BF951CA38A35005370EC /* Products */ = {
			isa = PBXGroup;
			children = (
				D099BF941CA38A35005370EC /* MyTableView1.app */,
			);
			name = Products;
			sourceTree = "<group>";
		};
		D099BF961CA38A35005370EC /* MyTableView1 */ = {
			isa = PBXGroup;
			children = (
				D099BF971CA38A35005370EC /* AppDelegate.swift */,
				D099BFA91CA38B09005370EC /* TableViewController.swift */,
				D099BF991CA38A35005370EC /* ViewController.swift */,
				D099BF9B1CA38A35005370EC /* Main.storyboard */,
				D099BF9E1CA38A35005370EC /* Assets.xcassets */,
				D099BFA01CA38A35005370EC /* LaunchScreen.storyboard */,
				D099BFA31CA38A35005370EC /* Info.plist */,
			);
			path = MyTableView1;
			sourceTree = "<group>";
		};
/* End PBXGroup section */

/* Begin PBXNativeTarget section */
		D099BF931CA38A35005370EC /* MyTableView1 */ = {
			isa = PBXNativeTarget;
			buildConfigurationList = D099BFA61CA38A35005370EC /* Build configuration list for PBXNativeTarget "MyTableView1" */;
			buildPhases = (
				D099BF901CA38A35005370EC /* Sources */,
				D099BF911CA38A35005370EC /* Frameworks */,
				D099BF921CA38A35005370EC /* Resources */,
			);
			buildRules = (
			);
			dependencies = (
			);
			name = MyTableView1;
			productName = MyTableView1;
			productReference = D099BF941CA38A35005370EC /* MyTableView1.app */;
			productType = "com.apple.product-type.application";
		};
/* End PBXNativeTarget section */

/* Begin PBXProject section */
		D099BF8C1CA38A35005370EC /* Project object */ = {
			isa = PBXProject;
			attributes = {
				LastSwiftUpdateCheck = 0730;
				LastUpgradeCheck = 0730;
				ORGANIZATIONNAME = "Petra Christian University";
				TargetAttributes = {
					D099BF931CA38A35005370EC = {
						CreatedOnToolsVersion = 7.3;
					};
				};
			};
			buildConfigurationList = D099BF8F1CA38A35005370EC /* Build configuration list for PBXProject "MyTableView1" */;
			compatibilityVersion = "Xcode 3.2";
			developmentRegion = English;
			hasScannedForEncodings = 0;
			knownRegions = (
				en,
				Base,
			);
			mainGroup = D099BF8B1CA38A35005370EC;
			productRefGroup = D099BF951CA38A35005370EC /* Products */;
			projectDirPath = "";
			projectRoot = "";
			targets = (
				D099BF931CA38A35005370EC /* MyTableView1 */,
			);
		};
/* End PBXProject section */

/* Begin PBXResourcesBuildPhase section */
		D099BF921CA38A35005370EC /* Resources */ = {
			isa = PBXResourcesBuildPhase;
			buildActionMask = 2147483647;
			files = (
				D099BFA21CA38A35005370EC /* LaunchScreen.storyboard in Resources */,
				D099BF9F1CA38A35005370EC /* Assets.xcassets in Resources */,
				D099BF9D1CA38A35005370EC /* Main.storyboard in Resources */,
			);
			runOnlyForDeploymentPostprocessing = 0;
		};
/* End PBXResourcesBuildPhase section */

/* Begin PBXSourcesBuildPhase section */
		D099BF901CA38A35005370EC /* Sources */ = {
			isa = PBXSourcesBuildPhase;
			buildActionMask = 2147483647;
			files = (
				D099BF9A1CA38A35005370EC /* ViewController.swift in Sources */,
				D099BFAA1CA38B09005370EC /* TableViewController.swift in Sources */,
				D099BF981CA38A35005370EC /* AppDelegate.swift in Sources */,
			);
			runOnlyForDeploymentPostprocessing = 0;
		};
/* End PBXSourcesBuildPhase section */

/* Begin PBXVariantGroup section */
		D099BF9B1CA38A35005370EC /* Main.storyboard */ = {
			isa = PBXVariantGroup;
			children = (
				D099BF9C1CA38A35005370EC /* Base */,
			);
			name = Main.storyboard;
			sourceTree = "<group>";
		};
		D099BFA01CA38A35005370EC /* LaunchScreen.storyboard */ = {
			isa = PBXVariantGroup;
			children = (
				D099BFA11CA38A35005370EC /* Base */,
			);
			name = LaunchScreen.storyboard;
			sourceTree = "<group>";
		};
/* End PBXVariantGroup section */

/* Begin XCBuildConfiguration section */
		D099BFA41CA38A35005370EC /* Debug */ = {
			isa = XCBuildConfiguration;
			buildSettings = {
				ALWAYS_SEARCH_USER_PATHS = NO;
				CLANG_ANALYZER_NONNULL = YES;
				CLANG_CXX_LANGUAGE_STANDARD = "gnu++0x";
				CLANG_CXX_LIBRARY = "libc++";
				CLANG_ENABLE_MODULES = YES;
				CLANG_ENABLE_OBJC_ARC = YES;
				CLANG_WARN_BOOL_CONVERSION = YES;
				CLANG_WARN_CONSTANT_CONVERSION = YES;
				CLANG_WARN_DIRECT_OBJC_ISA_USAGE = YES_ERROR;
				CLANG_WARN_EMPTY_BODY = YES;
				CLANG_WARN_ENUM_CONVERSION = YES;
				CLANG_WARN_INT_CONVERSION = YES;
				CLANG_WARN_OBJC_ROOT_CLASS = YES_ERROR;
				CLANG_WARN_UNREACHABLE_CODE = YES;
				CLANG_WARN__DUPLICATE_METHOD_MATCH = YES;
				"CODE_SIGN_IDENTITY[sdk=iphoneos*]" = "iPhone Developer";
				COPY_PHASE_STRIP = NO;
				DEBUG_INFORMATION_FORMAT = dwarf;
				ENABLE_STRICT_OBJC_MSGSEND = YES;
				ENABLE_TESTABILITY = YES;
				GCC_C_LANGUAGE_STANDARD = gnu99;
				GCC_DYNAMIC_NO_PIC = NO;
				GCC_NO_COMMON_BLOCKS = YES;
				GCC_OPTIMIZATION_LEVEL = 0;
				GCC_PREPROCESSOR_DEFINITIONS = (
					"DEBUG=1",
					"$(inherited)",
				);
				GCC_WARN_64_TO_32_BIT_CONVERSION = YES;
				GCC_WARN_ABOUT_RETURN_TYPE = YES_ERROR;
				GCC_WARN_UNDECLARED_SELECTOR = YES;
				GCC_WARN_UNINITIALIZED_AUTOS = YES_AGGRESSIVE;
				GCC_WARN_UNUSED_FUNCTION = YES;
				GCC_WARN_UNUSED_VARIABLE = YES;
				IPHONEOS_DEPLOYMENT_TARGET = 9.3;
				MTL_ENABLE_DEBUG_INFO = YES;
				ONLY_ACTIVE_ARCH = YES;
				SDKROOT = iphoneos;
				SWIFT_OPTIMIZATION_LEVEL = "-Onone";
			};
			name = Debug;
		};
		D099BFA51CA38A35005370EC /* Release */ = {
			isa = XCBuildConfiguration;
			buildSettings = {
				ALWAYS_SEARCH_USER_PATHS = NO;
				CLANG_ANALYZER_NONNULL = YES;
				CLANG_CXX_LANGUAGE_STANDARD = "gnu++0x";
				CLANG_CXX_LIBRARY = "libc++";
				CLANG_ENABLE_MODULES = YES;
				CLANG_ENABLE_OBJC_ARC = YES;
				CLANG_WARN_BOOL_CONVERSION = YES;
				CLANG_WARN_CONSTANT_CONVERSION = YES;
				CLANG_WARN_DIRECT_OBJC_ISA_USAGE = YES_ERROR;
				CLANG_WARN_EMPTY_BODY = YES;
				CLANG_WARN_ENUM_CONVERSION = YES;
				CLANG_WARN_INT_CONVERSION = YES;
				CLANG_WARN_OBJC_ROOT_CLASS = YES_ERROR;
				CLANG_WARN_UNREACHABLE_CODE = YES;
				CLANG_WARN__DUPLICATE_METHOD_MATCH = YES;
				"CODE_SIGN_IDENTITY[sdk=iphoneos*]" = "iPhone Developer";
				COPY_PHASE_STRIP = NO;
				DEBUG_INFORMATION_FORMAT = "dwarf-with-dsym";
				ENABLE_NS_ASSERTIONS = NO;
				ENABLE_STRICT_OBJC_MSGSEND = YES;
				GCC_C_LANGUAGE_STANDARD = gnu99;
				GCC_NO_COMMON_BLOCKS = YES;
				GCC_WARN_64_TO_32_BIT_CONVERSION = YES;
				GCC_WARN_ABOUT_RETURN_TYPE = YES_ERROR;
				GCC_WARN_UNDECLARED_SELECTOR = YES;
				GCC_WARN_UNINITIALIZED_AUTOS = YES_AGGRESSIVE;
				GCC_WARN_UNUSED_FUNCTION = YES;
				GCC_WARN_UNUSED_VARIABLE = YES;
				IPHONEOS_DEPLOYMENT_TARGET = 9.3;
				MTL_ENABLE_DEBUG_INFO = NO;
				SDKROOT = iphoneos;
				VALIDATE_PRODUCT = YES;
			};
			name = Release;
		};
		D099BFA71CA38A35005370EC /* Debug */ = {
			isa = XCBuildConfiguration;
			buildSettings = {
				ASSETCATALOG_COMPILER_APPICON_NAME = AppIcon;
				INFOPLIST_FILE = MyTableView1/Info.plist;
				LD_RUNPATH_SEARCH_PATHS = "$(inherited) @executable_path/Frameworks";
				PRODUCT_BUNDLE_IDENTIFIER = id.ac.petra.MyTableView1;
				PRODUCT_NAME = "$(TARGET_NAME)";
			};
			name = Debug;
		};
		D099BFA81CA38A35005370EC /* Release */ = {
			isa = XCBuildConfiguration;
			buildSettings = {
				ASSETCATALOG_COMPILER_APPICON_NAME = AppIcon;
				INFOPLIST_FILE = MyTableView1/Info.plist;
				LD_RUNPATH_SEARCH_PATHS = "$(inherited) @executable_path/Frameworks";
				PRODUCT_BUNDLE_IDENTIFIER = id.ac.petra.MyTableView1;
				PRODUCT_NAME = "$(TARGET_NAME)";
			};
			name = Release;
		};
/* End XCBuildConfiguration section */

/* Begin XCConfigurationList section */
		D099BF8F1CA38A35005370EC /* Build configuration list for PBXProject "MyTableView1" */ = {
			isa = XCConfigurationList;
			buildConfigurations = (
				D099BFA41CA38A35005370EC /* Debug */,
				D099BFA51CA38A35005370EC /* Release */,
			);
			defaultConfigurationIsVisible = 0;
			defaultConfigurationName = Release;
		};
		D099BFA61CA38A35005370EC /* Build configuration list for PBXNativeTarget "MyTableView1" */ = {
			isa = XCConfigurationList;
			buildConfigurations = (
				D099BFA71CA38A35005370EC /* Debug */,
				D099BFA81CA38A35005370EC /* Release */,
			);
			defaultConfigurationIsVisible = 0;
		};
/* End XCConfigurationList section */
	};
	rootObject = D099BF8C1CA38A35005370EC /* Project object */;
}
