// !$*UTF8*$!
{
	archiveVersion = 1;
	classes = {
	};
	objectVersion = 46;
	objects = {

/* Begin PBXBuildFile section */
		D099BFB81CA38FE8005370EC /* AppDelegate.swift in Sources */ = {isa = PBXBuildFile; fileRef = D099BFB71CA38FE8005370EC /* AppDelegate.swift */; };
		D099BFBD1CA38FE8005370EC /* Main.storyboard in Resources */ = {isa = PBXBuildFile; fileRef = D099BFBB1CA38FE8005370EC /* Main.storyboard */; };
		D099BFBF1CA38FE8005370EC /* Assets.xcassets in Resources */ = {isa = PBXBuildFile; fileRef = D099BFBE1CA38FE8005370EC /* Assets.xcassets */; };
		D099BFC21CA38FE8005370EC /* LaunchScreen.storyboard in Resources */ = {isa = PBXBuildFile; fileRef = D099BFC01CA38FE8005370EC /* LaunchScreen.storyboard */; };
		D099BFCA1CA39093005370EC /* TableViewController.swift in Sources */ = {isa = PBXBuildFile; fileRef = D099BFC91CA39093005370EC /* TableViewController.swift */; };
/* End PBXBuildFile section */

/* Begin PBXFileReference section */
		D099BFB41CA38FE8005370EC /* MyTableView2.app */ = {isa = PBXFileReference; explicitFileType = wrapper.application; includeInIndex = 0; path = MyTableView2.app; sourceTree = BUILT_PRODUCTS_DIR; };
		D099BFB71CA38FE8005370EC /* AppDelegate.swift */ = {isa = PBXFileReference; lastKnownFileType = sourcecode.swift; path = AppDelegate.swift; sourceTree = "<group>"; };
		D099BFBC1CA38FE8005370EC /* Base */ = {isa = PBXFileReference; lastKnownFileType = file.storyboard; name = Base; path = Base.lproj/Main.storyboard; sourceTree = "<group>"; };
		D099BFBE1CA38FE8005370EC /* Assets.xcassets */ = {isa = PBXFileReference; lastKnownFileType = folder.assetcatalog; path = Assets.xcassets; sourceTree = "<group>"; };
		D099BFC11CA38FE8005370EC /* Base */ = {isa = PBXFileReference; lastKnownFileType = file.storyboard; name = Base; path = Base.lproj/LaunchScreen.storyboard; sourceTree = "<group>"; };
		D099BFC31CA38FE8005370EC /* Info.plist */ = {isa = PBXFileReference; lastKnownFileType = text.plist.xml; path = Info.plist; sourceTree = "<group>"; };
		D099BFC91CA39093005370EC /* TableViewController.swift */ = {isa = PBXFileReference; fileEncoding = 4; lastKnownFileType = sourcecode.swift; path = TableViewController.swift; sourceTree = "<group>"; };
/* End PBXFileReference section */

/* Begin PBXFrameworksBuildPhase section */
		D099BFB11CA38FE8005370EC /* Frameworks */ = {
			isa = PBXFrameworksBuildPhase;
			buildActionMask = 2147483647;
			files = (
			);
			runOnlyForDeploymentPostprocessing = 0;
		};
/* End PBXFrameworksBuildPhase section */

/* Begin PBXGroup section */
		D099BFAB1CA38FE8005370EC = {
			isa = PBXGroup;
			children = (
				D099BFB61CA38FE8005370EC /* MyTableView2 */,
				D099BFB51CA38FE8005370EC /* Products */,
			);
			sourceTree = "<group>";
		};
		D099BFB51CA38FE8005370EC /* Products */ = {
			isa = PBXGroup;
			children = (
				D099BFB41CA38FE8005370EC /* MyTableView2.app */,
			);
			name = Products;
			sourceTree = "<group>";
		};
		D099BFB61CA38FE8005370EC /* MyTableView2 */ = {
			isa = PBXGroup;
			children = (
				D099BFB71CA38FE8005370EC /* AppDelegate.swift */,
				D099BFC91CA39093005370EC /* TableViewController.swift */,
				D099BFBB1CA38FE8005370EC /* Main.storyboard */,
				D099BFBE1CA38FE8005370EC /* Assets.xcassets */,
				D099BFC01CA38FE8005370EC /* LaunchScreen.storyboard */,
				D099BFC31CA38FE8005370EC /* Info.plist */,
			);
			path = MyTableView2;
			sourceTree = "<group>";
		};
/* End PBXGroup section */

/* Begin PBXNativeTarget section */
		D099BFB31CA38FE8005370EC /* MyTableView2 */ = {
			isa = PBXNativeTarget;
			buildConfigurationList = D099BFC61CA38FE8005370EC /* Build configuration list for PBXNativeTarget "MyTableView2" */;
			buildPhases = (
				D099BFB01CA38FE8005370EC /* Sources */,
				D099BFB11CA38FE8005370EC /* Frameworks */,
				D099BFB21CA38FE8005370EC /* Resources */,
			);
			buildRules = (
			);
			dependencies = (
			);
			name = MyTableView2;
			productName = MyTableView2;
			productReference = D099BFB41CA38FE8005370EC /* MyTableView2.app */;
			productType = "com.apple.product-type.application";
		};
/* End PBXNativeTarget section */

/* Begin PBXProject section */
		D099BFAC1CA38FE8005370EC /* Project object */ = {
			isa = PBXProject;
			attributes = {
				LastSwiftUpdateCheck = 0730;
				LastUpgradeCheck = 0730;
				ORGANIZATIONNAME = "Petra Christian University";
				TargetAttributes = {
					D099BFB31CA38FE8005370EC = {
						CreatedOnToolsVersion = 7.3;
					};
				};
			};
			buildConfigurationList = D099BFAF1CA38FE8005370EC /* Build configuration list for PBXProject "MyTableView2" */;
			compatibilityVersion = "Xcode 3.2";
			developmentRegion = English;
			hasScannedForEncodings = 0;
			knownRegions = (
				en,
				Base,
			);
			mainGroup = D099BFAB1CA38FE8005370EC;
			productRefGroup = D099BFB51CA38FE8005370EC /* Products */;
			projectDirPath = "";
			projectRoot = "";
			targets = (
				D099BFB31CA38FE8005370EC /* MyTableView2 */,
			);
		};
/* End PBXProject section */

/* Begin PBXResourcesBuildPhase section */
		D099BFB21CA38FE8005370EC /* Resources */ = {
			isa = PBXResourcesBuildPhase;
			buildActionMask = 2147483647;
			files = (
				D099BFC21CA38FE8005370EC /* LaunchScreen.storyboard in Resources */,
				D099BFBF1CA38FE8005370EC /* Assets.xcassets in Resources */,
				D099BFBD1CA38FE8005370EC /* Main.storyboard in Resources */,
			);
			runOnlyForDeploymentPostprocessing = 0;
		};
/* End PBXResourcesBuildPhase section */

/* Begin PBXSourcesBuildPhase section */
		D099BFB01CA38FE8005370EC /* Sources */ = {
			isa = PBXSourcesBuildPhase;
			buildActionMask = 2147483647;
			files = (
				D099BFB81CA38FE8005370EC /* AppDelegate.swift in Sources */,
				D099BFCA1CA39093005370EC /* TableViewController.swift in Sources */,
			);
			runOnlyForDeploymentPostprocessing = 0;
		};
/* End PBXSourcesBuildPhase section */

/* Begin PBXVariantGroup section */
		D099BFBB1CA38FE8005370EC /* Main.storyboard */ = {
			isa = PBXVariantGroup;
			children = (
				D099BFBC1CA38FE8005370EC /* Base */,
			);
			name = Main.storyboard;
			sourceTree = "<group>";
		};
		D099BFC01CA38FE8005370EC /* LaunchScreen.storyboard */ = {
			isa = PBXVariantGroup;
			children = (
				D099BFC11CA38FE8005370EC /* Base */,
			);
			name = LaunchScreen.storyboard;
			sourceTree = "<group>";
		};
/* End PBXVariantGroup section */

/* Begin XCBuildConfiguration section */
		D099BFC41CA38FE8005370EC /* Debug */ = {
			isa = XCBuildConfiguration;
			buildSettings = {
				ALWAYS_SEARCH_USER_PATHS = NO;
				CLANG_ANALYZER_NONNULL = YES;
				CLANG_CXX_LANGUAGE_STANDARD = "gnu++0x";
				CLANG_CXX_LIBRARY = "libc++";
				CLANG_ENABLE_MODULES = YES;
				CLANG_ENABLE_OBJC_ARC = YES;
				CLANG_WARN_BOOL_CONVERSION = YES;
				CLANG_WARN_CONSTANT_CONVERSION = YES;
				CLANG_WARN_DIRECT_OBJC_ISA_USAGE = YES_ERROR;
				CLANG_WARN_EMPTY_BODY = YES;
				CLANG_WARN_ENUM_CONVERSION = YES;
				CLANG_WARN_INT_CONVERSION = YES;
				CLANG_WARN_OBJC_ROOT_CLASS = YES_ERROR;
				CLANG_WARN_UNREACHABLE_CODE = YES;
				CLANG_WARN__DUPLICATE_METHOD_MATCH = YES;
				"CODE_SIGN_IDENTITY[sdk=iphoneos*]" = "iPhone Developer";
				COPY_PHASE_STRIP = NO;
				DEBUG_INFORMATION_FORMAT = dwarf;
				ENABLE_STRICT_OBJC_MSGSEND = YES;
				ENABLE_TESTABILITY = YES;
				GCC_C_LANGUAGE_STANDARD = gnu99;
				GCC_DYNAMIC_NO_PIC = NO;
				GCC_NO_COMMON_BLOCKS = YES;
				GCC_OPTIMIZATION_LEVEL = 0;
				GCC_PREPROCESSOR_DEFINITIONS = (
					"DEBUG=1",
					"$(inherited)",
				);
				GCC_WARN_64_TO_32_BIT_CONVERSION = YES;
				GCC_WARN_ABOUT_RETURN_TYPE = YES_ERROR;
				GCC_WARN_UNDECLARED_SELECTOR = YES;
				GCC_WARN_UNINITIALIZED_AUTOS = YES_AGGRESSIVE;
				GCC_WARN_UNUSED_FUNCTION = YES;
				GCC_WARN_UNUSED_VARIABLE = YES;
				IPHONEOS_DEPLOYMENT_TARGET = 9.3;
				MTL_ENABLE_DEBUG_INFO = YES;
				ONLY_ACTIVE_ARCH = YES;
				SDKROOT = iphoneos;
				SWIFT_OPTIMIZATION_LEVEL = "-Onone";
			};
			name = Debug;
		};
		D099BFC51CA38FE8005370EC /* Release */ = {
			isa = XCBuildConfiguration;
			buildSettings = {
				ALWAYS_SEARCH_USER_PATHS = NO;
				CLANG_ANALYZER_NONNULL = YES;
				CLANG_CXX_LANGUAGE_STANDARD = "gnu++0x";
				CLANG_CXX_LIBRARY = "libc++";
				CLANG_ENABLE_MODULES = YES;
				CLANG_ENABLE_OBJC_ARC = YES;
				CLANG_WARN_BOOL_CONVERSION = YES;
				CLANG_WARN_CONSTANT_CONVERSION = YES;
				CLANG_WARN_DIRECT_OBJC_ISA_USAGE = YES_ERROR;
				CLANG_WARN_EMPTY_BODY = YES;
				CLANG_WARN_ENUM_CONVERSION = YES;
				CLANG_WARN_INT_CONVERSION = YES;
				CLANG_WARN_OBJC_ROOT_CLASS = YES_ERROR;
				CLANG_WARN_UNREACHABLE_CODE = YES;
				CLANG_WARN__DUPLICATE_METHOD_MATCH = YES;
				"CODE_SIGN_IDENTITY[sdk=iphoneos*]" = "iPhone Developer";
				COPY_PHASE_STRIP = NO;
				DEBUG_INFORMATION_FORMAT = "dwarf-with-dsym";
				ENABLE_NS_ASSERTIONS = NO;
				ENABLE_STRICT_OBJC_MSGSEND = YES;
				GCC_C_LANGUAGE_STANDARD = gnu99;
				GCC_NO_COMMON_BLOCKS = YES;
				GCC_WARN_64_TO_32_BIT_CONVERSION = YES;
				GCC_WARN_ABOUT_RETURN_TYPE = YES_ERROR;
				GCC_WARN_UNDECLARED_SELECTOR = YES;
				GCC_WARN_UNINITIALIZED_AUTOS = YES_AGGRESSIVE;
				GCC_WARN_UNUSED_FUNCTION = YES;
				GCC_WARN_UNUSED_VARIABLE = YES;
				IPHONEOS_DEPLOYMENT_TARGET = 9.3;
				MTL_ENABLE_DEBUG_INFO = NO;
				SDKROOT = iphoneos;
				VALIDATE_PRODUCT = YES;
			};
			name = Release;
		};
		D099BFC71CA38FE8005370EC /* Debug */ = {
			isa = XCBuildConfiguration;
			buildSettings = {
				ASSETCATALOG_COMPILER_APPICON_NAME = AppIcon;
				INFOPLIST_FILE = MyTableView2/Info.plist;
				LD_RUNPATH_SEARCH_PATHS = "$(inherited) @executable_path/Frameworks";
				PRODUCT_BUNDLE_IDENTIFIER = id.ac.petra.MyTableView2;
				PRODUCT_NAME = "$(TARGET_NAME)";
			};
			name = Debug;
		};
		D099BFC81CA38FE8005370EC /* Release */ = {
			isa = XCBuildConfiguration;
			buildSettings = {
				ASSETCATALOG_COMPILER_APPICON_NAME = AppIcon;
				INFOPLIST_FILE = MyTableView2/Info.plist;
				LD_RUNPATH_SEARCH_PATHS = "$(inherited) @executable_path/Frameworks";
				PRODUCT_BUNDLE_IDENTIFIER = id.ac.petra.MyTableView2;
				PRODUCT_NAME = "$(TARGET_NAME)";
			};
			name = Release;
		};
/* End XCBuildConfiguration section */

/* Begin XCConfigurationList section */
		D099BFAF1CA38FE8005370EC /* Build configuration list for PBXProject "MyTableView2" */ = {
			isa = XCConfigurationList;
			buildConfigurations = (
				D099BFC41CA38FE8005370EC /* Debug */,
				D099BFC51CA38FE8005370EC /* Release */,
			);
			defaultConfigurationIsVisible = 0;
			defaultConfigurationName = Release;
		};
		D099BFC61CA38FE8005370EC /* Build configuration list for PBXNativeTarget "MyTableView2" */ = {
			isa = XCConfigurationList;
			buildConfigurations = (
				D099BFC71CA38FE8005370EC /* Debug */,
				D099BFC81CA38FE8005370EC /* Release */,
			);
			defaultConfigurationIsVisible = 0;
		};
/* End XCConfigurationList section */
	};
	rootObject = D099BFAC1CA38FE8005370EC /* Project object */;
}
